
Microsoft Visual Studio Solution File, Format Version 12.00
# Visual Studio Version 17
VisualStudioVersion = 17.0.31903.59
MinimumVisualStudioVersion = 10.0.40219.1
Project("{FAE04EC0-301F-11D3-BF4B-00C04F79EFBC}") = "ToDoItem.Domain", "Core\ToDoItem.Domain.csproj", "{1CBA3A4A-3143-4786-A4E6-6A46F76D1F93}"
EndProject
Global
	GlobalSection(SolutionConfigurationPlatforms) = preSolution
		Debug|Any CPU = Debug|Any CPU
		Release|Any CPU = Release|Any CPU
	EndGlobalSection
	GlobalSection(SolutionProperties) = preSolution
		HideSolutionNode = FALSE
	EndGlobalSection
	GlobalSection(ProjectConfigurationPlatforms) = postSolution
		{1CBA3A4A-3143-4786-A4E6-6A46F76D1F93}.Debug|Any CPU.ActiveCfg = Debug|Any CPU
		{1CBA3A4A-3143-4786-A4E6-6A46F76D1F93}.Debug|Any CPU.Build.0 = Debug|Any CPU
		{1CBA3A4A-3143-4786-A4E6-6A46F76D1F93}.Release|Any CPU.ActiveCfg = Release|Any CPU
		{1CBA3A4A-3143-4786-A4E6-6A46F76D1F93}.Release|Any CPU.Build.0 = Release|Any CPU
	EndGlobalSection
EndGlobal
